
Microsoft Visual Studio Solution File, Format Version 12.00
# Visual Studio Version 16
VisualStudioVersion = 16.0.29728.190
MinimumVisualStudioVersion = 10.0.40219.1
Project("{9A19103F-16F7-4668-BE54-9A1E7A4F7556}") = "simplescript", "simplescript\simplescript.csproj", "{8A1E73F4-C33B-460D-871D-A305EA61366B}"
EndProject
Project("{2150E333-8FDC-42A3-9474-1A3956D46DE8}") = "Tests", "Tests", "{3BC96F82-E00E-4323-8E7B-F2EA17C2DF21}"
EndProject
Project("{9A19103F-16F7-4668-BE54-9A1E7A4F7556}") = "simplescript.tests", "simplecript.tests\simplescript.tests.csproj", "{726069AD-4011-4F4C-A123-A6F04A32FAE4}"
EndProject
Project("{2150E333-8FDC-42A3-9474-1A3956D46DE8}") = "Example", "Example", "{E6E36195-BD20-4E07-ABD0-2F7F586D8E12}"
EndProject
Project("{FAE04EC0-301F-11D3-BF4B-00C04F79EFBC}") = "exampleservice", "exampleservice\exampleservice.csproj", "{FF9CD770-1887-4F85-A06E-28539164D445}"
EndProject
Project("{FAE04EC0-301F-11D3-BF4B-00C04F79EFBC}") = "exampleservice.tests", "exampleservice.tests\exampleservice.tests.csproj", "{86616757-83BC-4468-A0BA-F0E3C2EC9931}"
EndProject
Global
	GlobalSection(SolutionConfigurationPlatforms) = preSolution
		Debug|Any CPU = Debug|Any CPU
		Release|Any CPU = Release|Any CPU
	EndGlobalSection
	GlobalSection(ProjectConfigurationPlatforms) = postSolution
		{8A1E73F4-C33B-460D-871D-A305EA61366B}.Debug|Any CPU.ActiveCfg = Debug|Any CPU
		{8A1E73F4-C33B-460D-871D-A305EA61366B}.Debug|Any CPU.Build.0 = Debug|Any CPU
		{8A1E73F4-C33B-460D-871D-A305EA61366B}.Release|Any CPU.ActiveCfg = Release|Any CPU
		{8A1E73F4-C33B-460D-871D-A305EA61366B}.Release|Any CPU.Build.0 = Release|Any CPU
		{726069AD-4011-4F4C-A123-A6F04A32FAE4}.Debug|Any CPU.ActiveCfg = Debug|Any CPU
		{726069AD-4011-4F4C-A123-A6F04A32FAE4}.Debug|Any CPU.Build.0 = Debug|Any CPU
		{726069AD-4011-4F4C-A123-A6F04A32FAE4}.Release|Any CPU.ActiveCfg = Release|Any CPU
		{726069AD-4011-4F4C-A123-A6F04A32FAE4}.Release|Any CPU.Build.0 = Release|Any CPU
		{FF9CD770-1887-4F85-A06E-28539164D445}.Debug|Any CPU.ActiveCfg = Debug|Any CPU
		{FF9CD770-1887-4F85-A06E-28539164D445}.Debug|Any CPU.Build.0 = Debug|Any CPU
		{FF9CD770-1887-4F85-A06E-28539164D445}.Release|Any CPU.ActiveCfg = Release|Any CPU
		{FF9CD770-1887-4F85-A06E-28539164D445}.Release|Any CPU.Build.0 = Release|Any CPU
		{86616757-83BC-4468-A0BA-F0E3C2EC9931}.Debug|Any CPU.ActiveCfg = Debug|Any CPU
		{86616757-83BC-4468-A0BA-F0E3C2EC9931}.Debug|Any CPU.Build.0 = Debug|Any CPU
		{86616757-83BC-4468-A0BA-F0E3C2EC9931}.Release|Any CPU.ActiveCfg = Release|Any CPU
		{86616757-83BC-4468-A0BA-F0E3C2EC9931}.Release|Any CPU.Build.0 = Release|Any CPU
	EndGlobalSection
	GlobalSection(SolutionProperties) = preSolution
		HideSolutionNode = FALSE
	EndGlobalSection
	GlobalSection(NestedProjects) = preSolution
		{726069AD-4011-4F4C-A123-A6F04A32FAE4} = {3BC96F82-E00E-4323-8E7B-F2EA17C2DF21}
		{FF9CD770-1887-4F85-A06E-28539164D445} = {E6E36195-BD20-4E07-ABD0-2F7F586D8E12}
		{86616757-83BC-4468-A0BA-F0E3C2EC9931} = {E6E36195-BD20-4E07-ABD0-2F7F586D8E12}
	EndGlobalSection
	GlobalSection(ExtensibilityGlobals) = postSolution
		SolutionGuid = {C618119F-EDB0-4B30-B252-494621B83A7B}
	EndGlobalSection
EndGlobal
